// !$*UTF8*$!
{
	archiveVersion = 1;
	classes = {
	};
	objectVersion = 55;
	objects = {

/* Begin PBXBuildFile section */
		93545CA227FAC60400617601 /* AppDelegate.swift in Sources */ = {isa = PBXBuildFile; fileRef = 93545CA127FAC60400617601 /* AppDelegate.swift */; };
		93545CA427FAC60400617601 /* SceneDelegate.swift in Sources */ = {isa = PBXBuildFile; fileRef = 93545CA327FAC60400617601 /* SceneDelegate.swift */; };
		93545CA627FAC60400617601 /* ViewController.swift in Sources */ = {isa = PBXBuildFile; fileRef = 93545CA527FAC60400617601 /* ViewController.swift */; };
		93545CA927FAC60400617601 /* Main.storyboard in Resources */ = {isa = PBXBuildFile; fileRef = 93545CA727FAC60400617601 /* Main.storyboard */; };
		93545CAB27FAC60500617601 /* Assets.xcassets in Resources */ = {isa = PBXBuildFile; fileRef = 93545CAA27FAC60500617601 /* Assets.xcassets */; };
		93545CAE27FAC60500617601 /* LaunchScreen.storyboard in Resources */ = {isa = PBXBuildFile; fileRef = 93545CAC27FAC60500617601 /* LaunchScreen.storyboard */; };
		93545CB927FAC60500617601 /* testgithubTests.swift in Sources */ = {isa = PBXBuildFile; fileRef = 93545CB827FAC60500617601 /* testgithubTests.swift */; };
		93545CC327FAC60500617601 /* testgithubUITests.swift in Sources */ = {isa = PBXBuildFile; fileRef = 93545CC227FAC60500617601 /* testgithubUITests.swift */; };
		93545CC527FAC60500617601 /* testgithubUITestsLaunchTests.swift in Sources */ = {isa = PBXBuildFile; fileRef = 93545CC427FAC60500617601 /* testgithubUITestsLaunchTests.swift */; };
/* End PBXBuildFile section */

/* Begin PBXContainerItemProxy section */
		93545CB527FAC60500617601 /* PBXContainerItemProxy */ = {
			isa = PBXContainerItemProxy;
			containerPortal = 93545C9627FAC60400617601 /* Project object */;
			proxyType = 1;
			remoteGlobalIDString = 93545C9D27FAC60400617601;
			remoteInfo = testgithub;
		};
		93545CBF27FAC60500617601 /* PBXContainerItemProxy */ = {
			isa = PBXContainerItemProxy;
			containerPortal = 93545C9627FAC60400617601 /* Project object */;
			proxyType = 1;
			remoteGlobalIDString = 93545C9D27FAC60400617601;
			remoteInfo = testgithub;
		};
/* End PBXContainerItemProxy section */

/* Begin PBXFileReference section */
		93545C9E27FAC60400617601 /* testgithub.app */ = {isa = PBXFileReference; explicitFileType = wrapper.application; includeInIndex = 0; path = testgithub.app; sourceTree = BUILT_PRODUCTS_DIR; };
		93545CA127FAC60400617601 /* AppDelegate.swift */ = {isa = PBXFileReference; lastKnownFileType = sourcecode.swift; path = AppDelegate.swift; sourceTree = "<group>"; };
		93545CA327FAC60400617601 /* SceneDelegate.swift */ = {isa = PBXFileReference; lastKnownFileType = sourcecode.swift; path = SceneDelegate.swift; sourceTree = "<group>"; };
		93545CA527FAC60400617601 /* ViewController.swift */ = {isa = PBXFileReference; lastKnownFileType = sourcecode.swift; path = ViewController.swift; sourceTree = "<group>"; };
		93545CA827FAC60400617601 /* Base */ = {isa = PBXFileReference; lastKnownFileType = file.storyboard; name = Base; path = Base.lproj/Main.storyboard; sourceTree = "<group>"; };
		93545CAA27FAC60500617601 /* Assets.xcassets */ = {isa = PBXFileReference; lastKnownFileType = folder.assetcatalog; path = Assets.xcassets; sourceTree = "<group>"; };
		93545CAD27FAC60500617601 /* Base */ = {isa = PBXFileReference; lastKnownFileType = file.storyboard; name = Base; path = Base.lproj/LaunchScreen.storyboard; sourceTree = "<group>"; };
		93545CAF27FAC60500617601 /* Info.plist */ = {isa = PBXFileReference; lastKnownFileType = text.plist.xml; path = Info.plist; sourceTree = "<group>"; };
		93545CB427FAC60500617601 /* testgithubTests.xctest */ = {isa = PBXFileReference; explicitFileType = wrapper.cfbundle; includeInIndex = 0; path = testgithubTests.xctest; sourceTree = BUILT_PRODUCTS_DIR; };
		93545CB827FAC60500617601 /* testgithubTests.swift */ = {isa = PBXFileReference; lastKnownFileType = sourcecode.swift; path = testgithubTests.swift; sourceTree = "<group>"; };
		93545CBE27FAC60500617601 /* testgithubUITests.xctest */ = {isa = PBXFileReference; explicitFileType = wrapper.cfbundle; includeInIndex = 0; path = testgithubUITests.xctest; sourceTree = BUILT_PRODUCTS_DIR; };
		93545CC227FAC60500617601 /* testgithubUITests.swift */ = {isa = PBXFileReference; lastKnownFileType = sourcecode.swift; path = testgithubUITests.swift; sourceTree = "<group>"; };
		93545CC427FAC60500617601 /* testgithubUITestsLaunchTests.swift */ = {isa = PBXFileReference; lastKnownFileType = sourcecode.swift; path = testgithubUITestsLaunchTests.swift; sourceTree = "<group>"; };
/* End PBXFileReference section */

/* Begin PBXFrameworksBuildPhase section */
		93545C9B27FAC60400617601 /* Frameworks */ = {
			isa = PBXFrameworksBuildPhase;
			buildActionMask = 2147483647;
			files = (
			);
			runOnlyForDeploymentPostprocessing = 0;
		};
		93545CB127FAC60500617601 /* Frameworks */ = {
			isa = PBXFrameworksBuildPhase;
			buildActionMask = 2147483647;
			files = (
			);
			runOnlyForDeploymentPostprocessing = 0;
		};
		93545CBB27FAC60500617601 /* Frameworks */ = {
			isa = PBXFrameworksBuildPhase;
			buildActionMask = 2147483647;
			files = (
			);
			runOnlyForDeploymentPostprocessing = 0;
		};
/* End PBXFrameworksBuildPhase section */

/* Begin PBXGroup section */
		93545C9527FAC60400617601 = {
			isa = PBXGroup;
			children = (
				93545CA027FAC60400617601 /* testgithub */,
				93545CB727FAC60500617601 /* testgithubTests */,
				93545CC127FAC60500617601 /* testgithubUITests */,
				93545C9F27FAC60400617601 /* Products */,
			);
			sourceTree = "<group>";
		};
		93545C9F27FAC60400617601 /* Products */ = {
			isa = PBXGroup;
			children = (
				93545C9E27FAC60400617601 /* testgithub.app */,
				93545CB427FAC60500617601 /* testgithubTests.xctest */,
				93545CBE27FAC60500617601 /* testgithubUITests.xctest */,
			);
			name = Products;
			sourceTree = "<group>";
		};
		93545CA027FAC60400617601 /* testgithub */ = {
			isa = PBXGroup;
			children = (
				93545CA127FAC60400617601 /* AppDelegate.swift */,
				93545CA327FAC60400617601 /* SceneDelegate.swift */,
				93545CA527FAC60400617601 /* ViewController.swift */,
				93545CA727FAC60400617601 /* Main.storyboard */,
				93545CAA27FAC60500617601 /* Assets.xcassets */,
				93545CAC27FAC60500617601 /* LaunchScreen.storyboard */,
				93545CAF27FAC60500617601 /* Info.plist */,
			);
			path = testgithub;
			sourceTree = "<group>";
		};
		93545CB727FAC60500617601 /* testgithubTests */ = {
			isa = PBXGroup;
			children = (
				93545CB827FAC60500617601 /* testgithubTests.swift */,
			);
			path = testgithubTests;
			sourceTree = "<group>";
		};
		93545CC127FAC60500617601 /* testgithubUITests */ = {
			isa = PBXGroup;
			children = (
				93545CC227FAC60500617601 /* testgithubUITests.swift */,
				93545CC427FAC60500617601 /* testgithubUITestsLaunchTests.swift */,
			);
			path = testgithubUITests;
			sourceTree = "<group>";
		};
/* End PBXGroup section */

/* Begin PBXNativeTarget section */
		93545C9D27FAC60400617601 /* testgithub */ = {
			isa = PBXNativeTarget;
			buildConfigurationList = 93545CC827FAC60500617601 /* Build configuration list for PBXNativeTarget "testgithub" */;
			buildPhases = (
				93545C9A27FAC60400617601 /* Sources */,
				93545C9B27FAC60400617601 /* Frameworks */,
				93545C9C27FAC60400617601 /* Resources */,
			);
			buildRules = (
			);
			dependencies = (
			);
			name = testgithub;
			productName = testgithub;
			productReference = 93545C9E27FAC60400617601 /* testgithub.app */;
			productType = "com.apple.product-type.application";
		};
		93545CB327FAC60500617601 /* testgithubTests */ = {
			isa = PBXNativeTarget;
			buildConfigurationList = 93545CCB27FAC60500617601 /* Build configuration list for PBXNativeTarget "testgithubTests" */;
			buildPhases = (
				93545CB027FAC60500617601 /* Sources */,
				93545CB127FAC60500617601 /* Frameworks */,
				93545CB227FAC60500617601 /* Resources */,
			);
			buildRules = (
			);
			dependencies = (
				93545CB627FAC60500617601 /* PBXTargetDependency */,
			);
			name = testgithubTests;
			productName = testgithubTests;
			productReference = 93545CB427FAC60500617601 /* testgithubTests.xctest */;
			productType = "com.apple.product-type.bundle.unit-test";
		};
		93545CBD27FAC60500617601 /* testgithubUITests */ = {
			isa = PBXNativeTarget;
			buildConfigurationList = 93545CCE27FAC60500617601 /* Build configuration list for PBXNativeTarget "testgithubUITests" */;
			buildPhases = (
				93545CBA27FAC60500617601 /* Sources */,
				93545CBB27FAC60500617601 /* Frameworks */,
				93545CBC27FAC60500617601 /* Resources */,
			);
			buildRules = (
			);
			dependencies = (
				93545CC027FAC60500617601 /* PBXTargetDependency */,
			);
			name = testgithubUITests;
			productName = testgithubUITests;
			productReference = 93545CBE27FAC60500617601 /* testgithubUITests.xctest */;
			productType = "com.apple.product-type.bundle.ui-testing";
		};
/* End PBXNativeTarget section */

/* Begin PBXProject section */
		93545C9627FAC60400617601 /* Project object */ = {
			isa = PBXProject;
			attributes = {
				BuildIndependentTargetsInParallel = 1;
				LastSwiftUpdateCheck = 1320;
				LastUpgradeCheck = 1320;
				TargetAttributes = {
					93545C9D27FAC60400617601 = {
						CreatedOnToolsVersion = 13.2.1;
					};
					93545CB327FAC60500617601 = {
						CreatedOnToolsVersion = 13.2.1;
						TestTargetID = 93545C9D27FAC60400617601;
					};
					93545CBD27FAC60500617601 = {
						CreatedOnToolsVersion = 13.2.1;
						TestTargetID = 93545C9D27FAC60400617601;
					};
				};
			};
			buildConfigurationList = 93545C9927FAC60400617601 /* Build configuration list for PBXProject "testgithub" */;
			compatibilityVersion = "Xcode 13.0";
			developmentRegion = en;
			hasScannedForEncodings = 0;
			knownRegions = (
				en,
				Base,
			);
			mainGroup = 93545C9527FAC60400617601;
			productRefGroup = 93545C9F27FAC60400617601 /* Products */;
			projectDirPath = "";
			projectRoot = "";
			targets = (
				93545C9D27FAC60400617601 /* testgithub */,
				93545CB327FAC60500617601 /* testgithubTests */,
				93545CBD27FAC60500617601 /* testgithubUITests */,
			);
		};
/* End PBXProject section */

/* Begin PBXResourcesBuildPhase section */
		93545C9C27FAC60400617601 /* Resources */ = {
			isa = PBXResourcesBuildPhase;
			buildActionMask = 2147483647;
			files = (
				93545CAE27FAC60500617601 /* LaunchScreen.storyboard in Resources */,
				93545CAB27FAC60500617601 /* Assets.xcassets in Resources */,
				93545CA927FAC60400617601 /* Main.storyboard in Resources */,
			);
			runOnlyForDeploymentPostprocessing = 0;
		};
		93545CB227FAC60500617601 /* Resources */ = {
			isa = PBXResourcesBuildPhase;
			buildActionMask = 2147483647;
			files = (
			);
			runOnlyForDeploymentPostprocessing = 0;
		};
		93545CBC27FAC60500617601 /* Resources */ = {
			isa = PBXResourcesBuildPhase;
			buildActionMask = 2147483647;
			files = (
			);
			runOnlyForDeploymentPostprocessing = 0;
		};
/* End PBXResourcesBuildPhase section */

/* Begin PBXSourcesBuildPhase section */
		93545C9A27FAC60400617601 /* Sources */ = {
			isa = PBXSourcesBuildPhase;
			buildActionMask = 2147483647;
			files = (
				93545CA627FAC60400617601 /* ViewController.swift in Sources */,
				93545CA227FAC60400617601 /* AppDelegate.swift in Sources */,
				93545CA427FAC60400617601 /* SceneDelegate.swift in Sources */,
			);
			runOnlyForDeploymentPostprocessing = 0;
		};
		93545CB027FAC60500617601 /* Sources */ = {
			isa = PBXSourcesBuildPhase;
			buildActionMask = 2147483647;
			files = (
				93545CB927FAC60500617601 /* testgithubTests.swift in Sources */,
			);
			runOnlyForDeploymentPostprocessing = 0;
		};
		93545CBA27FAC60500617601 /* Sources */ = {
			isa = PBXSourcesBuildPhase;
			buildActionMask = 2147483647;
			files = (
				93545CC327FAC60500617601 /* testgithubUITests.swift in Sources */,
				93545CC527FAC60500617601 /* testgithubUITestsLaunchTests.swift in Sources */,
			);
			runOnlyForDeploymentPostprocessing = 0;
		};
/* End PBXSourcesBuildPhase section */

/* Begin PBXTargetDependency section */
		93545CB627FAC60500617601 /* PBXTargetDependency */ = {
			isa = PBXTargetDependency;
			target = 93545C9D27FAC60400617601 /* testgithub */;
			targetProxy = 93545CB527FAC60500617601 /* PBXContainerItemProxy */;
		};
		93545CC027FAC60500617601 /* PBXTargetDependency */ = {
			isa = PBXTargetDependency;
			target = 93545C9D27FAC60400617601 /* testgithub */;
			targetProxy = 93545CBF27FAC60500617601 /* PBXContainerItemProxy */;
		};
/* End PBXTargetDependency section */

/* Begin PBXVariantGroup section */
		93545CA727FAC60400617601 /* Main.storyboard */ = {
			isa = PBXVariantGroup;
			children = (
				93545CA827FAC60400617601 /* Base */,
			);
			name = Main.storyboard;
			sourceTree = "<group>";
		};
		93545CAC27FAC60500617601 /* LaunchScreen.storyboard */ = {
			isa = PBXVariantGroup;
			children = (
				93545CAD27FAC60500617601 /* Base */,
			);
			name = LaunchScreen.storyboard;
			sourceTree = "<group>";
		};
/* End PBXVariantGroup section */

/* Begin XCBuildConfiguration section */
		93545CC627FAC60500617601 /* Debug */ = {
			isa = XCBuildConfiguration;
			buildSettings = {
				ALWAYS_SEARCH_USER_PATHS = NO;
				CLANG_ANALYZER_NONNULL = YES;
				CLANG_ANALYZER_NUMBER_OBJECT_CONVERSION = YES_AGGRESSIVE;
				CLANG_CXX_LANGUAGE_STANDARD = "gnu++17";
				CLANG_CXX_LIBRARY = "libc++";
				CLANG_ENABLE_MODULES = YES;
				CLANG_ENABLE_OBJC_ARC = YES;
				CLANG_ENABLE_OBJC_WEAK = YES;
				CLANG_WARN_BLOCK_CAPTURE_AUTORELEASING = YES;
				CLANG_WARN_BOOL_CONVERSION = YES;
				CLANG_WARN_COMMA = YES;
				CLANG_WARN_CONSTANT_CONVERSION = YES;
				CLANG_WARN_DEPRECATED_OBJC_IMPLEMENTATIONS = YES;
				CLANG_WARN_DIRECT_OBJC_ISA_USAGE = YES_ERROR;
				CLANG_WARN_DOCUMENTATION_COMMENTS = YES;
				CLANG_WARN_EMPTY_BODY = YES;
				CLANG_WARN_ENUM_CONVERSION = YES;
				CLANG_WARN_INFINITE_RECURSION = YES;
				CLANG_WARN_INT_CONVERSION = YES;
				CLANG_WARN_NON_LITERAL_NULL_CONVERSION = YES;
				CLANG_WARN_OBJC_IMPLICIT_RETAIN_SELF = YES;
				CLANG_WARN_OBJC_LITERAL_CONVERSION = YES;
				CLANG_WARN_OBJC_ROOT_CLASS = YES_ERROR;
				CLANG_WARN_QUOTED_INCLUDE_IN_FRAMEWORK_HEADER = YES;
				CLANG_WARN_RANGE_LOOP_ANALYSIS = YES;
				CLANG_WARN_STRICT_PROTOTYPES = YES;
				CLANG_WARN_SUSPICIOUS_MOVE = YES;
				CLANG_WARN_UNGUARDED_AVAILABILITY = YES_AGGRESSIVE;
				CLANG_WARN_UNREACHABLE_CODE = YES;
				CLANG_WARN__DUPLICATE_METHOD_MATCH = YES;
				COPY_PHASE_STRIP = NO;
				DEBUG_INFORMATION_FORMAT = dwarf;
				ENABLE_STRICT_OBJC_MSGSEND = YES;
				ENABLE_TESTABILITY = YES;
				GCC_C_LANGUAGE_STANDARD = gnu11;
				GCC_DYNAMIC_NO_PIC = NO;
				GCC_NO_COMMON_BLOCKS = YES;
				GCC_OPTIMIZATION_LEVEL = 0;
				GCC_PREPROCESSOR_DEFINITIONS = (
					"DEBUG=1",
					"$(inherited)",
				);
				GCC_WARN_64_TO_32_BIT_CONVERSION = YES;
				GCC_WARN_ABOUT_RETURN_TYPE = YES_ERROR;
				GCC_WARN_UNDECLARED_SELECTOR = YES;
				GCC_WARN_UNINITIALIZED_AUTOS = YES_AGGRESSIVE;
				GCC_WARN_UNUSED_FUNCTION = YES;
				GCC_WARN_UNUSED_VARIABLE = YES;
				IPHONEOS_DEPLOYMENT_TARGET = 15.2;
				MTL_ENABLE_DEBUG_INFO = INCLUDE_SOURCE;
				MTL_FAST_MATH = YES;
				ONLY_ACTIVE_ARCH = YES;
				SDKROOT = iphoneos;
				SWIFT_ACTIVE_COMPILATION_CONDITIONS = DEBUG;
				SWIFT_OPTIMIZATION_LEVEL = "-Onone";
			};
			name = Debug;
		};
		93545CC727FAC60500617601 /* Release */ = {
			isa = XCBuildConfiguration;
			buildSettings = {
				ALWAYS_SEARCH_USER_PATHS = NO;
				CLANG_ANALYZER_NONNULL = YES;
				CLANG_ANALYZER_NUMBER_OBJECT_CONVERSION = YES_AGGRESSIVE;
				CLANG_CXX_LANGUAGE_STANDARD = "gnu++17";
				CLANG_CXX_LIBRARY = "libc++";
				CLANG_ENABLE_MODULES = YES;
				CLANG_ENABLE_OBJC_ARC = YES;
				CLANG_ENABLE_OBJC_WEAK = YES;
				CLANG_WARN_BLOCK_CAPTURE_AUTORELEASING = YES;
				CLANG_WARN_BOOL_CONVERSION = YES;
				CLANG_WARN_COMMA = YES;
				CLANG_WARN_CONSTANT_CONVERSION = YES;
				CLANG_WARN_DEPRECATED_OBJC_IMPLEMENTATIONS = YES;
				CLANG_WARN_DIRECT_OBJC_ISA_USAGE = YES_ERROR;
				CLANG_WARN_DOCUMENTATION_COMMENTS = YES;
				CLANG_WARN_EMPTY_BODY = YES;
				CLANG_WARN_ENUM_CONVERSION = YES;
				CLANG_WARN_INFINITE_RECURSION = YES;
				CLANG_WARN_INT_CONVERSION = YES;
				CLANG_WARN_NON_LITERAL_NULL_CONVERSION = YES;
				CLANG_WARN_OBJC_IMPLICIT_RETAIN_SELF = YES;
				CLANG_WARN_OBJC_LITERAL_CONVERSION = YES;
				CLANG_WARN_OBJC_ROOT_CLASS = YES_ERROR;
				CLANG_WARN_QUOTED_INCLUDE_IN_FRAMEWORK_HEADER = YES;
				CLANG_WARN_RANGE_LOOP_ANALYSIS = YES;
				CLANG_WARN_STRICT_PROTOTYPES = YES;
				CLANG_WARN_SUSPICIOUS_MOVE = YES;
				CLANG_WARN_UNGUARDED_AVAILABILITY = YES_AGGRESSIVE;
				CLANG_WARN_UNREACHABLE_CODE = YES;
				CLANG_WARN__DUPLICATE_METHOD_MATCH = YES;
				COPY_PHASE_STRIP = NO;
				DEBUG_INFORMATION_FORMAT = "dwarf-with-dsym";
				ENABLE_NS_ASSERTIONS = NO;
				ENABLE_STRICT_OBJC_MSGSEND = YES;
				GCC_C_LANGUAGE_STANDARD = gnu11;
				GCC_NO_COMMON_BLOCKS = YES;
				GCC_WARN_64_TO_32_BIT_CONVERSION = YES;
				GCC_WARN_ABOUT_RETURN_TYPE = YES_ERROR;
				GCC_WARN_UNDECLARED_SELECTOR = YES;
				GCC_WARN_UNINITIALIZED_AUTOS = YES_AGGRESSIVE;
				GCC_WARN_UNUSED_FUNCTION = YES;
				GCC_WARN_UNUSED_VARIABLE = YES;
				IPHONEOS_DEPLOYMENT_TARGET = 15.2;
				MTL_ENABLE_DEBUG_INFO = NO;
				MTL_FAST_MATH = YES;
				SDKROOT = iphoneos;
				SWIFT_COMPILATION_MODE = wholemodule;
				SWIFT_OPTIMIZATION_LEVEL = "-O";
				VALIDATE_PRODUCT = YES;
			};
			name = Release;
		};
		93545CC927FAC60500617601 /* Debug */ = {
			isa = XCBuildConfiguration;
			buildSettings = {
				ASSETCATALOG_COMPILER_APPICON_NAME = AppIcon;
				ASSETCATALOG_COMPILER_GLOBAL_ACCENT_COLOR_NAME = AccentColor;
				CODE_SIGN_STYLE = Automatic;
				CURRENT_PROJECT_VERSION = 1;
				GENERATE_INFOPLIST_FILE = YES;
				INFOPLIST_FILE = testgithub/Info.plist;
				INFOPLIST_KEY_UIApplicationSupportsIndirectInputEvents = YES;
				INFOPLIST_KEY_UILaunchStoryboardName = LaunchScreen;
				INFOPLIST_KEY_UIMainStoryboardFile = Main;
				INFOPLIST_KEY_UISupportedInterfaceOrientations_iPad = "UIInterfaceOrientationPortrait UIInterfaceOrientationPortraitUpsideDown UIInterfaceOrientationLandscapeLeft UIInterfaceOrientationLandscapeRight";
				INFOPLIST_KEY_UISupportedInterfaceOrientations_iPhone = "UIInterfaceOrientationPortrait UIInterfaceOrientationLandscapeLeft UIInterfaceOrientationLandscapeRight";
				LD_RUNPATH_SEARCH_PATHS = (
					"$(inherited)",
					"@executable_path/Frameworks",
				);
				MARKETING_VERSION = 1.0;
				PRODUCT_BUNDLE_IDENTIFIER = team.testgithub;
				PRODUCT_NAME = "$(TARGET_NAME)";
				SWIFT_EMIT_LOC_STRINGS = YES;
				SWIFT_VERSION = 5.0;
				TARGETED_DEVICE_FAMILY = "1,2";
			};
			name = Debug;
		};
		93545CCA27FAC60500617601 /* Release */ = {
			isa = XCBuildConfiguration;
			buildSettings = {
				ASSETCATALOG_COMPILER_APPICON_NAME = AppIcon;
				ASSETCATALOG_COMPILER_GLOBAL_ACCENT_COLOR_NAME = AccentColor;
				CODE_SIGN_STYLE = Automatic;
				CURRENT_PROJECT_VERSION = 1;
				GENERATE_INFOPLIST_FILE = YES;
				INFOPLIST_FILE = testgithub/Info.plist;
				INFOPLIST_KEY_UIApplicationSupportsIndirectInputEvents = YES;
				INFOPLIST_KEY_UILaunchStoryboardName = LaunchScreen;
				INFOPLIST_KEY_UIMainStoryboardFile = Main;
				INFOPLIST_KEY_UISupportedInterfaceOrientations_iPad = "UIInterfaceOrientationPortrait UIInterfaceOrientationPortraitUpsideDown UIInterfaceOrientationLandscapeLeft UIInterfaceOrientationLandscapeRight";
				INFOPLIST_KEY_UISupportedInterfaceOrientations_iPhone = "UIInterfaceOrientationPortrait UIInterfaceOrientationLandscapeLeft UIInterfaceOrientationLandscapeRight";
				LD_RUNPATH_SEARCH_PATHS = (
					"$(inherited)",
					"@executable_path/Frameworks",
				);
				MARKETING_VERSION = 1.0;
				PRODUCT_BUNDLE_IDENTIFIER = team.testgithub;
				PRODUCT_NAME = "$(TARGET_NAME)";
				SWIFT_EMIT_LOC_STRINGS = YES;
				SWIFT_VERSION = 5.0;
				TARGETED_DEVICE_FAMILY = "1,2";
			};
			name = Release;
		};
		93545CCC27FAC60500617601 /* Debug */ = {
			isa = XCBuildConfiguration;
			buildSettings = {
				ALWAYS_EMBED_SWIFT_STANDARD_LIBRARIES = YES;
				BUNDLE_LOADER = "$(TEST_HOST)";
				CODE_SIGN_STYLE = Automatic;
				CURRENT_PROJECT_VERSION = 1;
				GENERATE_INFOPLIST_FILE = YES;
				IPHONEOS_DEPLOYMENT_TARGET = 15.2;
				MARKETING_VERSION = 1.0;
				PRODUCT_BUNDLE_IDENTIFIER = team.testgithubTests;
				PRODUCT_NAME = "$(TARGET_NAME)";
				SWIFT_EMIT_LOC_STRINGS = NO;
				SWIFT_VERSION = 5.0;
				TARGETED_DEVICE_FAMILY = "1,2";
				TEST_HOST = "$(BUILT_PRODUCTS_DIR)/testgithub.app/testgithub";
			};
			name = Debug;
		};
		93545CCD27FAC60500617601 /* Release */ = {
			isa = XCBuildConfiguration;
			buildSettings = {
				ALWAYS_EMBED_SWIFT_STANDARD_LIBRARIES = YES;
				BUNDLE_LOADER = "$(TEST_HOST)";
				CODE_SIGN_STYLE = Automatic;
				CURRENT_PROJECT_VERSION = 1;
				GENERATE_INFOPLIST_FILE = YES;
				IPHONEOS_DEPLOYMENT_TARGET = 15.2;
				MARKETING_VERSION = 1.0;
				PRODUCT_BUNDLE_IDENTIFIER = team.testgithubTests;
				PRODUCT_NAME = "$(TARGET_NAME)";
				SWIFT_EMIT_LOC_STRINGS = NO;
				SWIFT_VERSION = 5.0;
				TARGETED_DEVICE_FAMILY = "1,2";
				TEST_HOST = "$(BUILT_PRODUCTS_DIR)/testgithub.app/testgithub";
			};
			name = Release;
		};
		93545CCF27FAC60500617601 /* Debug */ = {
			isa = XCBuildConfiguration;
			buildSettings = {
				ALWAYS_EMBED_SWIFT_STANDARD_LIBRARIES = YES;
				CODE_SIGN_STYLE = Automatic;
				CURRENT_PROJECT_VERSION = 1;
				GENERATE_INFOPLIST_FILE = YES;
				MARKETING_VERSION = 1.0;
				PRODUCT_BUNDLE_IDENTIFIER = team.testgithubUITests;
				PRODUCT_NAME = "$(TARGET_NAME)";
				SWIFT_EMIT_LOC_STRINGS = NO;
				SWIFT_VERSION = 5.0;
				TARGETED_DEVICE_FAMILY = "1,2";
				TEST_TARGET_NAME = testgithub;
			};
			name = Debug;
		};
		93545CD027FAC60500617601 /* Release */ = {
			isa = XCBuildConfiguration;
			buildSettings = {
				ALWAYS_EMBED_SWIFT_STANDARD_LIBRARIES = YES;
				CODE_SIGN_STYLE = Automatic;
				CURRENT_PROJECT_VERSION = 1;
				GENERATE_INFOPLIST_FILE = YES;
				MARKETING_VERSION = 1.0;
				PRODUCT_BUNDLE_IDENTIFIER = team.testgithubUITests;
				PRODUCT_NAME = "$(TARGET_NAME)";
				SWIFT_EMIT_LOC_STRINGS = NO;
				SWIFT_VERSION = 5.0;
				TARGETED_DEVICE_FAMILY = "1,2";
				TEST_TARGET_NAME = testgithub;
			};
			name = Release;
		};
/* End XCBuildConfiguration section */

/* Begin XCConfigurationList section */
		93545C9927FAC60400617601 /* Build configuration list for PBXProject "testgithub" */ = {
			isa = XCConfigurationList;
			buildConfigurations = (
				93545CC627FAC60500617601 /* Debug */,
				93545CC727FAC60500617601 /* Release */,
			);
			defaultConfigurationIsVisible = 0;
			defaultConfigurationName = Release;
		};
		93545CC827FAC60500617601 /* Build configuration list for PBXNativeTarget "testgithub" */ = {
			isa = XCConfigurationList;
			buildConfigurations = (
				93545CC927FAC60500617601 /* Debug */,
				93545CCA27FAC60500617601 /* Release */,
			);
			defaultConfigurationIsVisible = 0;
			defaultConfigurationName = Release;
		};
		93545CCB27FAC60500617601 /* Build configuration list for PBXNativeTarget "testgithubTests" */ = {
			isa = XCConfigurationList;
			buildConfigurations = (
				93545CCC27FAC60500617601 /* Debug */,
				93545CCD27FAC60500617601 /* Release */,
			);
			defaultConfigurationIsVisible = 0;
			defaultConfigurationName = Release;
		};
		93545CCE27FAC60500617601 /* Build configuration list for PBXNativeTarget "testgithubUITests" */ = {
			isa = XCConfigurationList;
			buildConfigurations = (
				93545CCF27FAC60500617601 /* Debug */,
				93545CD027FAC60500617601 /* Release */,
			);
			defaultConfigurationIsVisible = 0;
			defaultConfigurationName = Release;
		};
/* End XCConfigurationList section */
	};
	rootObject = 93545C9627FAC60400617601 /* Project object */;
}
